{
  "requires": true,
  "lockfileVersion": 1,
  "dependencies": {
    "fullpage.js": {
      "version": "3.0.1",
      "resolved": "https://registry.npmjs.org/fullpage.js/-/fullpage.js-3.0.1.tgz",
      "integrity": "sha512-NMyWlYuyXCUYQKVvXGR5HZLlpLv9bl34rg5JE50EhU6d+sODmgWvjOPxdK9XDL4U0OzPwvFx6d6OmFg0L2gLDw=="
    }
  }
}
